
Microsoft Visual Studio Solution File, Format Version 12.00
# Visual Studio Version 16
VisualStudioVersion = 16.0.28721.148
MinimumVisualStudioVersion = 10.0.40219.1
Project("{FAE04EC0-301F-11D3-BF4B-00C04F79EFBC}") = "NIC_Parent_Student", "NIC_Parent_Student\NIC_Parent_Student.csproj", "{3860199F-0457-4494-9555-CEC5514CA22B}"
EndProject
Global
	GlobalSection(SolutionConfigurationPlatforms) = preSolution
		Debug|Any CPU = Debug|Any CPU
		Release|Any CPU = Release|Any CPU
	EndGlobalSection
	GlobalSection(ProjectConfigurationPlatforms) = postSolution
		{3860199F-0457-4494-9555-CEC5514CA22B}.Debug|Any CPU.ActiveCfg = Debug|Any CPU
		{3860199F-0457-4494-9555-CEC5514CA22B}.Debug|Any CPU.Build.0 = Debug|Any CPU
		{3860199F-0457-4494-9555-CEC5514CA22B}.Release|Any CPU.ActiveCfg = Release|Any CPU
		{3860199F-0457-4494-9555-CEC5514CA22B}.Release|Any CPU.Build.0 = Release|Any CPU
	EndGlobalSection
	GlobalSection(SolutionProperties) = preSolution
		HideSolutionNode = FALSE
	EndGlobalSection
	GlobalSection(ExtensibilityGlobals) = postSolution
		SolutionGuid = {4E19DF94-597A-49E7-ACBB-63CEE2036F76}
	EndGlobalSection
EndGlobal
